// !$*UTF8*$!
{
	archiveVersion = 1;
	classes = {
	};
	objectVersion = 51;
	objects = {

/* Begin PBXBuildFile section */
		3A66CC849BA9D969DD424FB0 /* Pods_FlixApp.framework in Frameworks */ = {isa = PBXBuildFile; fileRef = 9592B2F300D7967C0F1C18FC /* Pods_FlixApp.framework */; };
		6A5226CC9D683E6A346EDE22 /* Pods_FlixApp_FlixAppUITests.framework in Frameworks */ = {isa = PBXBuildFile; fileRef = 49F1FE317EBAD49E52BDA5F1 /* Pods_FlixApp_FlixAppUITests.framework */; };
		893CE032235F6726003B1244 /* MovieDetailsViewController.swift in Sources */ = {isa = PBXBuildFile; fileRef = 893CE031235F6726003B1244 /* MovieDetailsViewController.swift */; };
		893CE03423627047003B1244 /* MovieGridViewController.swift in Sources */ = {isa = PBXBuildFile; fileRef = 893CE03323627047003B1244 /* MovieGridViewController.swift */; };
		893CE07823629FBA003B1244 /* MovieGridCell.swift in Sources */ = {isa = PBXBuildFile; fileRef = 893CE07723629FBA003B1244 /* MovieGridCell.swift */; };
		893CE07A23637E46003B1244 /* MovieVideoViewController.swift in Sources */ = {isa = PBXBuildFile; fileRef = 893CE07923637E46003B1244 /* MovieVideoViewController.swift */; };
		89BD48822358BB9E0050890D /* MoviesViewController.swift in Sources */ = {isa = PBXBuildFile; fileRef = 89BD48812358BB9E0050890D /* MoviesViewController.swift */; };
		89BD48842358CFF30050890D /* MovieCell.swift in Sources */ = {isa = PBXBuildFile; fileRef = 89BD48832358CFF30050890D /* MovieCell.swift */; };
		89BDA9692358B0900075CC00 /* AppDelegate.swift in Sources */ = {isa = PBXBuildFile; fileRef = 89BDA9682358B0900075CC00 /* AppDelegate.swift */; };
		89BDA96B2358B0900075CC00 /* SceneDelegate.swift in Sources */ = {isa = PBXBuildFile; fileRef = 89BDA96A2358B0900075CC00 /* SceneDelegate.swift */; };
		89BDA9702358B0900075CC00 /* Main.storyboard in Resources */ = {isa = PBXBuildFile; fileRef = 89BDA96E2358B0900075CC00 /* Main.storyboard */; };
		89BDA9722358B0960075CC00 /* Assets.xcassets in Resources */ = {isa = PBXBuildFile; fileRef = 89BDA9712358B0960075CC00 /* Assets.xcassets */; };
		89BDA9752358B0960075CC00 /* LaunchScreen.storyboard in Resources */ = {isa = PBXBuildFile; fileRef = 89BDA9732358B0960075CC00 /* LaunchScreen.storyboard */; };
		89BDA9802358B0970075CC00 /* FlixAppTests.swift in Sources */ = {isa = PBXBuildFile; fileRef = 89BDA97F2358B0970075CC00 /* FlixAppTests.swift */; };
		89BDA98B2358B0970075CC00 /* FlixAppUITests.swift in Sources */ = {isa = PBXBuildFile; fileRef = 89BDA98A2358B0970075CC00 /* FlixAppUITests.swift */; };
		ED92AC75691FB5A167707F15 /* Pods_FlixAppTests.framework in Frameworks */ = {isa = PBXBuildFile; fileRef = 54BCC3CF4FE88B1E76672212 /* Pods_FlixAppTests.framework */; };
/* End PBXBuildFile section */

/* Begin PBXContainerItemProxy section */
		89BDA97C2358B0970075CC00 /* PBXContainerItemProxy */ = {
			isa = PBXContainerItemProxy;
			containerPortal = 89BDA95D2358B0900075CC00 /* Project object */;
			proxyType = 1;
			remoteGlobalIDString = 89BDA9642358B0900075CC00;
			remoteInfo = FlixApp;
		};
		89BDA9872358B0970075CC00 /* PBXContainerItemProxy */ = {
			isa = PBXContainerItemProxy;
			containerPortal = 89BDA95D2358B0900075CC00 /* Project object */;
			proxyType = 1;
			remoteGlobalIDString = 89BDA9642358B0900075CC00;
			remoteInfo = FlixApp;
		};
/* End PBXContainerItemProxy section */

/* Begin PBXFileReference section */
		175888002A37750E213345A8 /* Pods-FlixApp.debug.xcconfig */ = {isa = PBXFileReference; includeInIndex = 1; lastKnownFileType = text.xcconfig; name = "Pods-FlixApp.debug.xcconfig"; path = "Target Support Files/Pods-FlixApp/Pods-FlixApp.debug.xcconfig"; sourceTree = "<group>"; };
		2B46279DD64F1453BDF2A529 /* Pods-FlixAppTests.release.xcconfig */ = {isa = PBXFileReference; includeInIndex = 1; lastKnownFileType = text.xcconfig; name = "Pods-FlixAppTests.release.xcconfig"; path = "Target Support Files/Pods-FlixAppTests/Pods-FlixAppTests.release.xcconfig"; sourceTree = "<group>"; };
		4674049D62D5D53D63A784B4 /* Pods-FlixApp-FlixAppUITests.debug.xcconfig */ = {isa = PBXFileReference; includeInIndex = 1; lastKnownFileType = text.xcconfig; name = "Pods-FlixApp-FlixAppUITests.debug.xcconfig"; path = "Target Support Files/Pods-FlixApp-FlixAppUITests/Pods-FlixApp-FlixAppUITests.debug.xcconfig"; sourceTree = "<group>"; };
		49F1FE317EBAD49E52BDA5F1 /* Pods_FlixApp_FlixAppUITests.framework */ = {isa = PBXFileReference; explicitFileType = wrapper.framework; includeInIndex = 0; path = Pods_FlixApp_FlixAppUITests.framework; sourceTree = BUILT_PRODUCTS_DIR; };
		54BCC3CF4FE88B1E76672212 /* Pods_FlixAppTests.framework */ = {isa = PBXFileReference; explicitFileType = wrapper.framework; includeInIndex = 0; path = Pods_FlixAppTests.framework; sourceTree = BUILT_PRODUCTS_DIR; };
		64362446F81843DEAEF1E7B3 /* Pods-FlixApp-FlixAppUITests.release.xcconfig */ = {isa = PBXFileReference; includeInIndex = 1; lastKnownFileType = text.xcconfig; name = "Pods-FlixApp-FlixAppUITests.release.xcconfig"; path = "Target Support Files/Pods-FlixApp-FlixAppUITests/Pods-FlixApp-FlixAppUITests.release.xcconfig"; sourceTree = "<group>"; };
		893CE031235F6726003B1244 /* MovieDetailsViewController.swift */ = {isa = PBXFileReference; lastKnownFileType = sourcecode.swift; path = MovieDetailsViewController.swift; sourceTree = "<group>"; };
		893CE03323627047003B1244 /* MovieGridViewController.swift */ = {isa = PBXFileReference; lastKnownFileType = sourcecode.swift; path = MovieGridViewController.swift; sourceTree = "<group>"; };
		893CE07723629FBA003B1244 /* MovieGridCell.swift */ = {isa = PBXFileReference; lastKnownFileType = sourcecode.swift; path = MovieGridCell.swift; sourceTree = "<group>"; };
		893CE07923637E46003B1244 /* MovieVideoViewController.swift */ = {isa = PBXFileReference; lastKnownFileType = sourcecode.swift; path = MovieVideoViewController.swift; sourceTree = "<group>"; };
		89BD48812358BB9E0050890D /* MoviesViewController.swift */ = {isa = PBXFileReference; lastKnownFileType = sourcecode.swift; path = MoviesViewController.swift; sourceTree = "<group>"; };
		89BD48832358CFF30050890D /* MovieCell.swift */ = {isa = PBXFileReference; lastKnownFileType = sourcecode.swift; path = MovieCell.swift; sourceTree = "<group>"; };
		89BDA9652358B0900075CC00 /* FlixApp.app */ = {isa = PBXFileReference; explicitFileType = wrapper.application; includeInIndex = 0; path = FlixApp.app; sourceTree = BUILT_PRODUCTS_DIR; };
		89BDA9682358B0900075CC00 /* AppDelegate.swift */ = {isa = PBXFileReference; lastKnownFileType = sourcecode.swift; path = AppDelegate.swift; sourceTree = "<group>"; };
		89BDA96A2358B0900075CC00 /* SceneDelegate.swift */ = {isa = PBXFileReference; lastKnownFileType = sourcecode.swift; path = SceneDelegate.swift; sourceTree = "<group>"; };
		89BDA96F2358B0900075CC00 /* Base */ = {isa = PBXFileReference; lastKnownFileType = file.storyboard; name = Base; path = Base.lproj/Main.storyboard; sourceTree = "<group>"; };
		89BDA9712358B0960075CC00 /* Assets.xcassets */ = {isa = PBXFileReference; lastKnownFileType = folder.assetcatalog; path = Assets.xcassets; sourceTree = "<group>"; };
		89BDA9742358B0960075CC00 /* Base */ = {isa = PBXFileReference; lastKnownFileType = file.storyboard; name = Base; path = Base.lproj/LaunchScreen.storyboard; sourceTree = "<group>"; };
		89BDA9762358B0960075CC00 /* Info.plist */ = {isa = PBXFileReference; lastKnownFileType = text.plist.xml; path = Info.plist; sourceTree = "<group>"; };
		89BDA97B2358B0970075CC00 /* FlixAppTests.xctest */ = {isa = PBXFileReference; explicitFileType = wrapper.cfbundle; includeInIndex = 0; path = FlixAppTests.xctest; sourceTree = BUILT_PRODUCTS_DIR; };
		89BDA97F2358B0970075CC00 /* FlixAppTests.swift */ = {isa = PBXFileReference; lastKnownFileType = sourcecode.swift; path = FlixAppTests.swift; sourceTree = "<group>"; };
		89BDA9812358B0970075CC00 /* Info.plist */ = {isa = PBXFileReference; lastKnownFileType = text.plist.xml; path = Info.plist; sourceTree = "<group>"; };
		89BDA9862358B0970075CC00 /* FlixAppUITests.xctest */ = {isa = PBXFileReference; explicitFileType = wrapper.cfbundle; includeInIndex = 0; path = FlixAppUITests.xctest; sourceTree = BUILT_PRODUCTS_DIR; };
		89BDA98A2358B0970075CC00 /* FlixAppUITests.swift */ = {isa = PBXFileReference; lastKnownFileType = sourcecode.swift; path = FlixAppUITests.swift; sourceTree = "<group>"; };
		89BDA98C2358B0970075CC00 /* Info.plist */ = {isa = PBXFileReference; lastKnownFileType = text.plist.xml; path = Info.plist; sourceTree = "<group>"; };
		95208E03D837703EF74C25DC /* Pods-FlixAppTests.debug.xcconfig */ = {isa = PBXFileReference; includeInIndex = 1; lastKnownFileType = text.xcconfig; name = "Pods-FlixAppTests.debug.xcconfig"; path = "Target Support Files/Pods-FlixAppTests/Pods-FlixAppTests.debug.xcconfig"; sourceTree = "<group>"; };
		9592B2F300D7967C0F1C18FC /* Pods_FlixApp.framework */ = {isa = PBXFileReference; explicitFileType = wrapper.framework; includeInIndex = 0; path = Pods_FlixApp.framework; sourceTree = BUILT_PRODUCTS_DIR; };
		EAC2ABDF634A9A7954F70729 /* Pods-FlixApp.release.xcconfig */ = {isa = PBXFileReference; includeInIndex = 1; lastKnownFileType = text.xcconfig; name = "Pods-FlixApp.release.xcconfig"; path = "Target Support Files/Pods-FlixApp/Pods-FlixApp.release.xcconfig"; sourceTree = "<group>"; };
/* End PBXFileReference section */

/* Begin PBXFrameworksBuildPhase section */
		89BDA9622358B0900075CC00 /* Frameworks */ = {
			isa = PBXFrameworksBuildPhase;
			buildActionMask = 2147483647;
			files = (
				3A66CC849BA9D969DD424FB0 /* Pods_FlixApp.framework in Frameworks */,
			);
			runOnlyForDeploymentPostprocessing = 0;
		};
		89BDA9782358B0970075CC00 /* Frameworks */ = {
			isa = PBXFrameworksBuildPhase;
			buildActionMask = 2147483647;
			files = (
				ED92AC75691FB5A167707F15 /* Pods_FlixAppTests.framework in Frameworks */,
			);
			runOnlyForDeploymentPostprocessing = 0;
		};
		89BDA9832358B0970075CC00 /* Frameworks */ = {
			isa = PBXFrameworksBuildPhase;
			buildActionMask = 2147483647;
			files = (
				6A5226CC9D683E6A346EDE22 /* Pods_FlixApp_FlixAppUITests.framework in Frameworks */,
			);
			runOnlyForDeploymentPostprocessing = 0;
		};
/* End PBXFrameworksBuildPhase section */

/* Begin PBXGroup section */
		29D15A9517E936C8F76723DB /* Pods */ = {
			isa = PBXGroup;
			children = (
				175888002A37750E213345A8 /* Pods-FlixApp.debug.xcconfig */,
				EAC2ABDF634A9A7954F70729 /* Pods-FlixApp.release.xcconfig */,
				4674049D62D5D53D63A784B4 /* Pods-FlixApp-FlixAppUITests.debug.xcconfig */,
				64362446F81843DEAEF1E7B3 /* Pods-FlixApp-FlixAppUITests.release.xcconfig */,
				95208E03D837703EF74C25DC /* Pods-FlixAppTests.debug.xcconfig */,
				2B46279DD64F1453BDF2A529 /* Pods-FlixAppTests.release.xcconfig */,
			);
			path = Pods;
			sourceTree = "<group>";
		};
		89BDA95C2358B0900075CC00 = {
			isa = PBXGroup;
			children = (
				89BDA9672358B0900075CC00 /* FlixApp */,
				89BDA97E2358B0970075CC00 /* FlixAppTests */,
				89BDA9892358B0970075CC00 /* FlixAppUITests */,
				89BDA9662358B0900075CC00 /* Products */,
				29D15A9517E936C8F76723DB /* Pods */,
				934D770F5DAE8C59D1D3090D /* Frameworks */,
			);
			sourceTree = "<group>";
		};
		89BDA9662358B0900075CC00 /* Products */ = {
			isa = PBXGroup;
			children = (
				89BDA9652358B0900075CC00 /* FlixApp.app */,
				89BDA97B2358B0970075CC00 /* FlixAppTests.xctest */,
				89BDA9862358B0970075CC00 /* FlixAppUITests.xctest */,
			);
			name = Products;
			sourceTree = "<group>";
		};
		89BDA9672358B0900075CC00 /* FlixApp */ = {
			isa = PBXGroup;
			children = (
				89BDA9682358B0900075CC00 /* AppDelegate.swift */,
				89BDA96A2358B0900075CC00 /* SceneDelegate.swift */,
				89BDA96E2358B0900075CC00 /* Main.storyboard */,
				89BDA9712358B0960075CC00 /* Assets.xcassets */,
				89BDA9732358B0960075CC00 /* LaunchScreen.storyboard */,
				89BDA9762358B0960075CC00 /* Info.plist */,
				89BD48812358BB9E0050890D /* MoviesViewController.swift */,
				89BD48832358CFF30050890D /* MovieCell.swift */,
				893CE031235F6726003B1244 /* MovieDetailsViewController.swift */,
				893CE03323627047003B1244 /* MovieGridViewController.swift */,
				893CE07723629FBA003B1244 /* MovieGridCell.swift */,
				893CE07923637E46003B1244 /* MovieVideoViewController.swift */,
			);
			path = FlixApp;
			sourceTree = "<group>";
		};
		89BDA97E2358B0970075CC00 /* FlixAppTests */ = {
			isa = PBXGroup;
			children = (
				89BDA97F2358B0970075CC00 /* FlixAppTests.swift */,
				89BDA9812358B0970075CC00 /* Info.plist */,
			);
			path = FlixAppTests;
			sourceTree = "<group>";
		};
		89BDA9892358B0970075CC00 /* FlixAppUITests */ = {
			isa = PBXGroup;
			children = (
				89BDA98A2358B0970075CC00 /* FlixAppUITests.swift */,
				89BDA98C2358B0970075CC00 /* Info.plist */,
			);
			path = FlixAppUITests;
			sourceTree = "<group>";
		};
		934D770F5DAE8C59D1D3090D /* Frameworks */ = {
			isa = PBXGroup;
			children = (
				9592B2F300D7967C0F1C18FC /* Pods_FlixApp.framework */,
				49F1FE317EBAD49E52BDA5F1 /* Pods_FlixApp_FlixAppUITests.framework */,
				54BCC3CF4FE88B1E76672212 /* Pods_FlixAppTests.framework */,
			);
			name = Frameworks;
			sourceTree = "<group>";
		};
/* End PBXGroup section */

/* Begin PBXNativeTarget section */
		89BDA9642358B0900075CC00 /* FlixApp */ = {
			isa = PBXNativeTarget;
			buildConfigurationList = 89BDA98F2358B0970075CC00 /* Build configuration list for PBXNativeTarget "FlixApp" */;
			buildPhases = (
				942BBF01E44DDA23D26E49B1 /* [CP] Check Pods Manifest.lock */,
				89BDA9612358B0900075CC00 /* Sources */,
				89BDA9622358B0900075CC00 /* Frameworks */,
				89BDA9632358B0900075CC00 /* Resources */,
				EF5DBC7F3D37E885F4AC3DE8 /* [CP] Embed Pods Frameworks */,
			);
			buildRules = (
			);
			dependencies = (
			);
			name = FlixApp;
			productName = FlixApp;
			productReference = 89BDA9652358B0900075CC00 /* FlixApp.app */;
			productType = "com.apple.product-type.application";
		};
		89BDA97A2358B0970075CC00 /* FlixAppTests */ = {
			isa = PBXNativeTarget;
			buildConfigurationList = 89BDA9922358B0970075CC00 /* Build configuration list for PBXNativeTarget "FlixAppTests" */;
			buildPhases = (
				9ED3A3AFC396845BBFE73293 /* [CP] Check Pods Manifest.lock */,
				89BDA9772358B0970075CC00 /* Sources */,
				89BDA9782358B0970075CC00 /* Frameworks */,
				89BDA9792358B0970075CC00 /* Resources */,
			);
			buildRules = (
			);
			dependencies = (
				89BDA97D2358B0970075CC00 /* PBXTargetDependency */,
			);
			name = FlixAppTests;
			productName = FlixAppTests;
			productReference = 89BDA97B2358B0970075CC00 /* FlixAppTests.xctest */;
			productType = "com.apple.product-type.bundle.unit-test";
		};
		89BDA9852358B0970075CC00 /* FlixAppUITests */ = {
			isa = PBXNativeTarget;
			buildConfigurationList = 89BDA9952358B0970075CC00 /* Build configuration list for PBXNativeTarget "FlixAppUITests" */;
			buildPhases = (
				F12FF5E040389F01F66A8EB3 /* [CP] Check Pods Manifest.lock */,
				89BDA9822358B0970075CC00 /* Sources */,
				89BDA9832358B0970075CC00 /* Frameworks */,
				89BDA9842358B0970075CC00 /* Resources */,
				8DD0553490C1502C6227237D /* [CP] Embed Pods Frameworks */,
			);
			buildRules = (
			);
			dependencies = (
				89BDA9882358B0970075CC00 /* PBXTargetDependency */,
			);
			name = FlixAppUITests;
			productName = FlixAppUITests;
			productReference = 89BDA9862358B0970075CC00 /* FlixAppUITests.xctest */;
			productType = "com.apple.product-type.bundle.ui-testing";
		};
/* End PBXNativeTarget section */

/* Begin PBXProject section */
		89BDA95D2358B0900075CC00 /* Project object */ = {
			isa = PBXProject;
			attributes = {
				LastSwiftUpdateCheck = 1110;
				LastUpgradeCheck = 1110;
				ORGANIZATIONNAME = "Rotimi Awani";
				TargetAttributes = {
					89BDA9642358B0900075CC00 = {
						CreatedOnToolsVersion = 11.1;
					};
					89BDA97A2358B0970075CC00 = {
						CreatedOnToolsVersion = 11.1;
						TestTargetID = 89BDA9642358B0900075CC00;
					};
					89BDA9852358B0970075CC00 = {
						CreatedOnToolsVersion = 11.1;
						TestTargetID = 89BDA9642358B0900075CC00;
					};
				};
			};
			buildConfigurationList = 89BDA9602358B0900075CC00 /* Build configuration list for PBXProject "FlixApp" */;
			compatibilityVersion = "Xcode 9.3";
			developmentRegion = en;
			hasScannedForEncodings = 0;
			knownRegions = (
				en,
				Base,
			);
			mainGroup = 89BDA95C2358B0900075CC00;
			productRefGroup = 89BDA9662358B0900075CC00 /* Products */;
			projectDirPath = "";
			projectRoot = "";
			targets = (
				89BDA9642358B0900075CC00 /* FlixApp */,
				89BDA97A2358B0970075CC00 /* FlixAppTests */,
				89BDA9852358B0970075CC00 /* FlixAppUITests */,
			);
		};
/* End PBXProject section */

/* Begin PBXResourcesBuildPhase section */
		89BDA9632358B0900075CC00 /* Resources */ = {
			isa = PBXResourcesBuildPhase;
			buildActionMask = 2147483647;
			files = (
				89BDA9752358B0960075CC00 /* LaunchScreen.storyboard in Resources */,
				89BDA9722358B0960075CC00 /* Assets.xcassets in Resources */,
				89BDA9702358B0900075CC00 /* Main.storyboard in Resources */,
			);
			runOnlyForDeploymentPostprocessing = 0;
		};
		89BDA9792358B0970075CC00 /* Resources */ = {
			isa = PBXResourcesBuildPhase;
			buildActionMask = 2147483647;
			files = (
			);
			runOnlyForDeploymentPostprocessing = 0;
		};
		89BDA9842358B0970075CC00 /* Resources */ = {
			isa = PBXResourcesBuildPhase;
			buildActionMask = 2147483647;
			files = (
			);
			runOnlyForDeploymentPostprocessing = 0;
		};
/* End PBXResourcesBuildPhase section */

/* Begin PBXShellScriptBuildPhase section */
		8DD0553490C1502C6227237D /* [CP] Embed Pods Frameworks */ = {
			isa = PBXShellScriptBuildPhase;
			buildActionMask = 2147483647;
			files = (
			);
			inputFileListPaths = (
				"${PODS_ROOT}/Target Support Files/Pods-FlixApp-FlixAppUITests/Pods-FlixApp-FlixAppUITests-frameworks-${CONFIGURATION}-input-files.xcfilelist",
			);
			name = "[CP] Embed Pods Frameworks";
			outputFileListPaths = (
				"${PODS_ROOT}/Target Support Files/Pods-FlixApp-FlixAppUITests/Pods-FlixApp-FlixAppUITests-frameworks-${CONFIGURATION}-output-files.xcfilelist",
			);
			runOnlyForDeploymentPostprocessing = 0;
			shellPath = /bin/sh;
			shellScript = "\"${PODS_ROOT}/Target Support Files/Pods-FlixApp-FlixAppUITests/Pods-FlixApp-FlixAppUITests-frameworks.sh\"\n";
			showEnvVarsInLog = 0;
		};
		942BBF01E44DDA23D26E49B1 /* [CP] Check Pods Manifest.lock */ = {
			isa = PBXShellScriptBuildPhase;
			buildActionMask = 2147483647;
			files = (
			);
			inputFileListPaths = (
			);
			inputPaths = (
				"${PODS_PODFILE_DIR_PATH}/Podfile.lock",
				"${PODS_ROOT}/Manifest.lock",
			);
			name = "[CP] Check Pods Manifest.lock";
			outputFileListPaths = (
			);
			outputPaths = (
				"$(DERIVED_FILE_DIR)/Pods-FlixApp-checkManifestLockResult.txt",
			);
			runOnlyForDeploymentPostprocessing = 0;
			shellPath = /bin/sh;
			shellScript = "diff \"${PODS_PODFILE_DIR_PATH}/Podfile.lock\" \"${PODS_ROOT}/Manifest.lock\" > /dev/null\nif [ $? != 0 ] ; then\n    # print error to STDERR\n    echo \"error: The sandbox is not in sync with the Podfile.lock. Run 'pod install' or update your CocoaPods installation.\" >&2\n    exit 1\nfi\n# This output is used by Xcode 'outputs' to avoid re-running this script phase.\necho \"SUCCESS\" > \"${SCRIPT_OUTPUT_FILE_0}\"\n";
			showEnvVarsInLog = 0;
		};
		9ED3A3AFC396845BBFE73293 /* [CP] Check Pods Manifest.lock */ = {
			isa = PBXShellScriptBuildPhase;
			buildActionMask = 2147483647;
			files = (
			);
			inputFileListPaths = (
			);
			inputPaths = (
				"${PODS_PODFILE_DIR_PATH}/Podfile.lock",
				"${PODS_ROOT}/Manifest.lock",
			);
			name = "[CP] Check Pods Manifest.lock";
			outputFileListPaths = (
			);
			outputPaths = (
				"$(DERIVED_FILE_DIR)/Pods-FlixAppTests-checkManifestLockResult.txt",
			);
			runOnlyForDeploymentPostprocessing = 0;
			shellPath = /bin/sh;
			shellScript = "diff \"${PODS_PODFILE_DIR_PATH}/Podfile.lock\" \"${PODS_ROOT}/Manifest.lock\" > /dev/null\nif [ $? != 0 ] ; then\n    # print error to STDERR\n    echo \"error: The sandbox is not in sync with the Podfile.lock. Run 'pod install' or update your CocoaPods installation.\" >&2\n    exit 1\nfi\n# This output is used by Xcode 'outputs' to avoid re-running this script phase.\necho \"SUCCESS\" > \"${SCRIPT_OUTPUT_FILE_0}\"\n";
			showEnvVarsInLog = 0;
		};
		EF5DBC7F3D37E885F4AC3DE8 /* [CP] Embed Pods Frameworks */ = {
			isa = PBXShellScriptBuildPhase;
			buildActionMask = 2147483647;
			files = (
			);
			inputFileListPaths = (
				"${PODS_ROOT}/Target Support Files/Pods-FlixApp/Pods-FlixApp-frameworks-${CONFIGURATION}-input-files.xcfilelist",
			);
			name = "[CP] Embed Pods Frameworks";
			outputFileListPaths = (
				"${PODS_ROOT}/Target Support Files/Pods-FlixApp/Pods-FlixApp-frameworks-${CONFIGURATION}-output-files.xcfilelist",
			);
			runOnlyForDeploymentPostprocessing = 0;
			shellPath = /bin/sh;
			shellScript = "\"${PODS_ROOT}/Target Support Files/Pods-FlixApp/Pods-FlixApp-frameworks.sh\"\n";
			showEnvVarsInLog = 0;
		};
		F12FF5E040389F01F66A8EB3 /* [CP] Check Pods Manifest.lock */ = {
			isa = PBXShellScriptBuildPhase;
			buildActionMask = 2147483647;
			files = (
			);
			inputFileListPaths = (
			);
			inputPaths = (
				"${PODS_PODFILE_DIR_PATH}/Podfile.lock",
				"${PODS_ROOT}/Manifest.lock",
			);
			name = "[CP] Check Pods Manifest.lock";
			outputFileListPaths = (
			);
			outputPaths = (
				"$(DERIVED_FILE_DIR)/Pods-FlixApp-FlixAppUITests-checkManifestLockResult.txt",
			);
			runOnlyForDeploymentPostprocessing = 0;
			shellPath = /bin/sh;
			shellScript = "diff \"${PODS_PODFILE_DIR_PATH}/Podfile.lock\" \"${PODS_ROOT}/Manifest.lock\" > /dev/null\nif [ $? != 0 ] ; then\n    # print error to STDERR\n    echo \"error: The sandbox is not in sync with the Podfile.lock. Run 'pod install' or update your CocoaPods installation.\" >&2\n    exit 1\nfi\n# This output is used by Xcode 'outputs' to avoid re-running this script phase.\necho \"SUCCESS\" > \"${SCRIPT_OUTPUT_FILE_0}\"\n";
			showEnvVarsInLog = 0;
		};
/* End PBXShellScriptBuildPhase section */

/* Begin PBXSourcesBuildPhase section */
		89BDA9612358B0900075CC00 /* Sources */ = {
			isa = PBXSourcesBuildPhase;
			buildActionMask = 2147483647;
			files = (
				893CE032235F6726003B1244 /* MovieDetailsViewController.swift in Sources */,
				89BDA9692358B0900075CC00 /* AppDelegate.swift in Sources */,
				89BDA96B2358B0900075CC00 /* SceneDelegate.swift in Sources */,
				89BD48842358CFF30050890D /* MovieCell.swift in Sources */,
				89BD48822358BB9E0050890D /* MoviesViewController.swift in Sources */,
				893CE03423627047003B1244 /* MovieGridViewController.swift in Sources */,
				893CE07823629FBA003B1244 /* MovieGridCell.swift in Sources */,
				893CE07A23637E46003B1244 /* MovieVideoViewController.swift in Sources */,
			);
			runOnlyForDeploymentPostprocessing = 0;
		};
		89BDA9772358B0970075CC00 /* Sources */ = {
			isa = PBXSourcesBuildPhase;
			buildActionMask = 2147483647;
			files = (
				89BDA9802358B0970075CC00 /* FlixAppTests.swift in Sources */,
			);
			runOnlyForDeploymentPostprocessing = 0;
		};
		89BDA9822358B0970075CC00 /* Sources */ = {
			isa = PBXSourcesBuildPhase;
			buildActionMask = 2147483647;
			files = (
				89BDA98B2358B0970075CC00 /* FlixAppUITests.swift in Sources */,
			);
			runOnlyForDeploymentPostprocessing = 0;
		};
/* End PBXSourcesBuildPhase section */

/* Begin PBXTargetDependency section */
		89BDA97D2358B0970075CC00 /* PBXTargetDependency */ = {
			isa = PBXTargetDependency;
			target = 89BDA9642358B0900075CC00 /* FlixApp */;
			targetProxy = 89BDA97C2358B0970075CC00 /* PBXContainerItemProxy */;
		};
		89BDA9882358B0970075CC00 /* PBXTargetDependency */ = {
			isa = PBXTargetDependency;
			target = 89BDA9642358B0900075CC00 /* FlixApp */;
			targetProxy = 89BDA9872358B0970075CC00 /* PBXContainerItemProxy */;
		};
/* End PBXTargetDependency section */

/* Begin PBXVariantGroup section */
		89BDA96E2358B0900075CC00 /* Main.storyboard */ = {
			isa = PBXVariantGroup;
			children = (
				89BDA96F2358B0900075CC00 /* Base */,
			);
			name = Main.storyboard;
			sourceTree = "<group>";
		};
		89BDA9732358B0960075CC00 /* LaunchScreen.storyboard */ = {
			isa = PBXVariantGroup;
			children = (
				89BDA9742358B0960075CC00 /* Base */,
			);
			name = LaunchScreen.storyboard;
			sourceTree = "<group>";
		};
/* End PBXVariantGroup section */

/* Begin XCBuildConfiguration section */
		89BDA98D2358B0970075CC00 /* Debug */ = {
			isa = XCBuildConfiguration;
			buildSettings = {
				ALWAYS_SEARCH_USER_PATHS = NO;
				CLANG_ANALYZER_NONNULL = YES;
				CLANG_ANALYZER_NUMBER_OBJECT_CONVERSION = YES_AGGRESSIVE;
				CLANG_CXX_LANGUAGE_STANDARD = "gnu++14";
				CLANG_CXX_LIBRARY = "libc++";
				CLANG_ENABLE_MODULES = YES;
				CLANG_ENABLE_OBJC_ARC = YES;
				CLANG_ENABLE_OBJC_WEAK = YES;
				CLANG_WARN_BLOCK_CAPTURE_AUTORELEASING = YES;
				CLANG_WARN_BOOL_CONVERSION = YES;
				CLANG_WARN_COMMA = YES;
				CLANG_WARN_CONSTANT_CONVERSION = YES;
				CLANG_WARN_DEPRECATED_OBJC_IMPLEMENTATIONS = YES;
				CLANG_WARN_DIRECT_OBJC_ISA_USAGE = YES_ERROR;
				CLANG_WARN_DOCUMENTATION_COMMENTS = YES;
				CLANG_WARN_EMPTY_BODY = YES;
				CLANG_WARN_ENUM_CONVERSION = YES;
				CLANG_WARN_INFINITE_RECURSION = YES;
				CLANG_WARN_INT_CONVERSION = YES;
				CLANG_WARN_NON_LITERAL_NULL_CONVERSION = YES;
				CLANG_WARN_OBJC_IMPLICIT_RETAIN_SELF = YES;
				CLANG_WARN_OBJC_LITERAL_CONVERSION = YES;
				CLANG_WARN_OBJC_ROOT_CLASS = YES_ERROR;
				CLANG_WARN_RANGE_LOOP_ANALYSIS = YES;
				CLANG_WARN_STRICT_PROTOTYPES = YES;
				CLANG_WARN_SUSPICIOUS_MOVE = YES;
				CLANG_WARN_UNGUARDED_AVAILABILITY = YES_AGGRESSIVE;
				CLANG_WARN_UNREACHABLE_CODE = YES;
				CLANG_WARN__DUPLICATE_METHOD_MATCH = YES;
				COPY_PHASE_STRIP = NO;
				DEBUG_INFORMATION_FORMAT = dwarf;
				ENABLE_STRICT_OBJC_MSGSEND = YES;
				ENABLE_TESTABILITY = YES;
				GCC_C_LANGUAGE_STANDARD = gnu11;
				GCC_DYNAMIC_NO_PIC = NO;
				GCC_NO_COMMON_BLOCKS = YES;
				GCC_OPTIMIZATION_LEVEL = 0;
				GCC_PREPROCESSOR_DEFINITIONS = (
					"DEBUG=1",
					"$(inherited)",
				);
				GCC_WARN_64_TO_32_BIT_CONVERSION = YES;
				GCC_WARN_ABOUT_RETURN_TYPE = YES_ERROR;
				GCC_WARN_UNDECLARED_SELECTOR = YES;
				GCC_WARN_UNINITIALIZED_AUTOS = YES_AGGRESSIVE;
				GCC_WARN_UNUSED_FUNCTION = YES;
				GCC_WARN_UNUSED_VARIABLE = YES;
				IPHONEOS_DEPLOYMENT_TARGET = 13.1;
				MTL_ENABLE_DEBUG_INFO = INCLUDE_SOURCE;
				MTL_FAST_MATH = YES;
				ONLY_ACTIVE_ARCH = YES;
				SDKROOT = iphoneos;
				SWIFT_ACTIVE_COMPILATION_CONDITIONS = DEBUG;
				SWIFT_OPTIMIZATION_LEVEL = "-Onone";
			};
			name = Debug;
		};
		89BDA98E2358B0970075CC00 /* Release */ = {
			isa = XCBuildConfiguration;
			buildSettings = {
				ALWAYS_SEARCH_USER_PATHS = NO;
				CLANG_ANALYZER_NONNULL = YES;
				CLANG_ANALYZER_NUMBER_OBJECT_CONVERSION = YES_AGGRESSIVE;
				CLANG_CXX_LANGUAGE_STANDARD = "gnu++14";
				CLANG_CXX_LIBRARY = "libc++";
				CLANG_ENABLE_MODULES = YES;
				CLANG_ENABLE_OBJC_ARC = YES;
				CLANG_ENABLE_OBJC_WEAK = YES;
				CLANG_WARN_BLOCK_CAPTURE_AUTORELEASING = YES;
				CLANG_WARN_BOOL_CONVERSION = YES;
				CLANG_WARN_COMMA = YES;
				CLANG_WARN_CONSTANT_CONVERSION = YES;
				CLANG_WARN_DEPRECATED_OBJC_IMPLEMENTATIONS = YES;
				CLANG_WARN_DIRECT_OBJC_ISA_USAGE = YES_ERROR;
				CLANG_WARN_DOCUMENTATION_COMMENTS = YES;
				CLANG_WARN_EMPTY_BODY = YES;
				CLANG_WARN_ENUM_CONVERSION = YES;
				CLANG_WARN_INFINITE_RECURSION = YES;
				CLANG_WARN_INT_CONVERSION = YES;
				CLANG_WARN_NON_LITERAL_NULL_CONVERSION = YES;
				CLANG_WARN_OBJC_IMPLICIT_RETAIN_SELF = YES;
				CLANG_WARN_OBJC_LITERAL_CONVERSION = YES;
				CLANG_WARN_OBJC_ROOT_CLASS = YES_ERROR;
				CLANG_WARN_RANGE_LOOP_ANALYSIS = YES;
				CLANG_WARN_STRICT_PROTOTYPES = YES;
				CLANG_WARN_SUSPICIOUS_MOVE = YES;
				CLANG_WARN_UNGUARDED_AVAILABILITY = YES_AGGRESSIVE;
				CLANG_WARN_UNREACHABLE_CODE = YES;
				CLANG_WARN__DUPLICATE_METHOD_MATCH = YES;
				COPY_PHASE_STRIP = NO;
				DEBUG_INFORMATION_FORMAT = "dwarf-with-dsym";
				ENABLE_NS_ASSERTIONS = NO;
				ENABLE_STRICT_OBJC_MSGSEND = YES;
				GCC_C_LANGUAGE_STANDARD = gnu11;
				GCC_NO_COMMON_BLOCKS = YES;
				GCC_WARN_64_TO_32_BIT_CONVERSION = YES;
				GCC_WARN_ABOUT_RETURN_TYPE = YES_ERROR;
				GCC_WARN_UNDECLARED_SELECTOR = YES;
				GCC_WARN_UNINITIALIZED_AUTOS = YES_AGGRESSIVE;
				GCC_WARN_UNUSED_FUNCTION = YES;
				GCC_WARN_UNUSED_VARIABLE = YES;
				IPHONEOS_DEPLOYMENT_TARGET = 13.1;
				MTL_ENABLE_DEBUG_INFO = NO;
				MTL_FAST_MATH = YES;
				SDKROOT = iphoneos;
				SWIFT_COMPILATION_MODE = wholemodule;
				SWIFT_OPTIMIZATION_LEVEL = "-O";
				VALIDATE_PRODUCT = YES;
			};
			name = Release;
		};
		89BDA9902358B0970075CC00 /* Debug */ = {
			isa = XCBuildConfiguration;
			baseConfigurationReference = 175888002A37750E213345A8 /* Pods-FlixApp.debug.xcconfig */;
			buildSettings = {
				ASSETCATALOG_COMPILER_APPICON_NAME = AppIcon;
				CODE_SIGN_STYLE = Automatic;
				DEVELOPMENT_TEAM = RWS4WW7HDU;
				INFOPLIST_FILE = FlixApp/Info.plist;
				LD_RUNPATH_SEARCH_PATHS = (
					"$(inherited)",
					"@executable_path/Frameworks",
				);
				PRODUCT_BUNDLE_IDENTIFIER = com.rotimiawani.FlixApp;
				PRODUCT_NAME = "$(TARGET_NAME)";
				SWIFT_VERSION = 5.0;
				TARGETED_DEVICE_FAMILY = "1,2";
			};
			name = Debug;
		};
		89BDA9912358B0970075CC00 /* Release */ = {
			isa = XCBuildConfiguration;
			baseConfigurationReference = EAC2ABDF634A9A7954F70729 /* Pods-FlixApp.release.xcconfig */;
			buildSettings = {
				ASSETCATALOG_COMPILER_APPICON_NAME = AppIcon;
				CODE_SIGN_STYLE = Automatic;
				DEVELOPMENT_TEAM = RWS4WW7HDU;
				INFOPLIST_FILE = FlixApp/Info.plist;
				LD_RUNPATH_SEARCH_PATHS = (
					"$(inherited)",
					"@executable_path/Frameworks",
				);
				PRODUCT_BUNDLE_IDENTIFIER = com.rotimiawani.FlixApp;
				PRODUCT_NAME = "$(TARGET_NAME)";
				SWIFT_VERSION = 5.0;
				TARGETED_DEVICE_FAMILY = "1,2";
			};
			name = Release;
		};
		89BDA9932358B0970075CC00 /* Debug */ = {
			isa = XCBuildConfiguration;
			baseConfigurationReference = 95208E03D837703EF74C25DC /* Pods-FlixAppTests.debug.xcconfig */;
			buildSettings = {
				ALWAYS_EMBED_SWIFT_STANDARD_LIBRARIES = YES;
				BUNDLE_LOADER = "$(TEST_HOST)";
				CODE_SIGN_STYLE = Automatic;
				DEVELOPMENT_TEAM = RWS4WW7HDU;
				INFOPLIST_FILE = FlixAppTests/Info.plist;
				IPHONEOS_DEPLOYMENT_TARGET = 13.1;
				LD_RUNPATH_SEARCH_PATHS = (
					"$(inherited)",
					"@executable_path/Frameworks",
					"@loader_path/Frameworks",
				);
				PRODUCT_BUNDLE_IDENTIFIER = com.rotimiawani.FlixAppTests;
				PRODUCT_NAME = "$(TARGET_NAME)";
				SWIFT_VERSION = 5.0;
				TARGETED_DEVICE_FAMILY = "1,2";
				TEST_HOST = "$(BUILT_PRODUCTS_DIR)/FlixApp.app/FlixApp";
			};
			name = Debug;
		};
		89BDA9942358B0970075CC00 /* Release */ = {
			isa = XCBuildConfiguration;
			baseConfigurationReference = 2B46279DD64F1453BDF2A529 /* Pods-FlixAppTests.release.xcconfig */;
			buildSettings = {
				ALWAYS_EMBED_SWIFT_STANDARD_LIBRARIES = YES;
				BUNDLE_LOADER = "$(TEST_HOST)";
				CODE_SIGN_STYLE = Automatic;
				DEVELOPMENT_TEAM = RWS4WW7HDU;
				INFOPLIST_FILE = FlixAppTests/Info.plist;
				IPHONEOS_DEPLOYMENT_TARGET = 13.1;
				LD_RUNPATH_SEARCH_PATHS = (
					"$(inherited)",
					"@executable_path/Frameworks",
					"@loader_path/Frameworks",
				);
				PRODUCT_BUNDLE_IDENTIFIER = com.rotimiawani.FlixAppTests;
				PRODUCT_NAME = "$(TARGET_NAME)";
				SWIFT_VERSION = 5.0;
				TARGETED_DEVICE_FAMILY = "1,2";
				TEST_HOST = "$(BUILT_PRODUCTS_DIR)/FlixApp.app/FlixApp";
			};
			name = Release;
		};
		89BDA9962358B0970075CC00 /* Debug */ = {
			isa = XCBuildConfiguration;
			baseConfigurationReference = 4674049D62D5D53D63A784B4 /* Pods-FlixApp-FlixAppUITests.debug.xcconfig */;
			buildSettings = {
				ALWAYS_EMBED_SWIFT_STANDARD_LIBRARIES = YES;
				CODE_SIGN_STYLE = Automatic;
				DEVELOPMENT_TEAM = RWS4WW7HDU;
				INFOPLIST_FILE = FlixAppUITests/Info.plist;
				LD_RUNPATH_SEARCH_PATHS = (
					"$(inherited)",
					"@executable_path/Frameworks",
					"@loader_path/Frameworks",
				);
				PRODUCT_BUNDLE_IDENTIFIER = com.rotimiawani.FlixAppUITests;
				PRODUCT_NAME = "$(TARGET_NAME)";
				SWIFT_VERSION = 5.0;
				TARGETED_DEVICE_FAMILY = "1,2";
				TEST_TARGET_NAME = FlixApp;
			};
			name = Debug;
		};
		89BDA9972358B0970075CC00 /* Release */ = {
			isa = XCBuildConfiguration;
			baseConfigurationReference = 64362446F81843DEAEF1E7B3 /* Pods-FlixApp-FlixAppUITests.release.xcconfig */;
			buildSettings = {
				ALWAYS_EMBED_SWIFT_STANDARD_LIBRARIES = YES;
				CODE_SIGN_STYLE = Automatic;
				DEVELOPMENT_TEAM = RWS4WW7HDU;
				INFOPLIST_FILE = FlixAppUITests/Info.plist;
				LD_RUNPATH_SEARCH_PATHS = (
					"$(inherited)",
					"@executable_path/Frameworks",
					"@loader_path/Frameworks",
				);
				PRODUCT_BUNDLE_IDENTIFIER = com.rotimiawani.FlixAppUITests;
				PRODUCT_NAME = "$(TARGET_NAME)";
				SWIFT_VERSION = 5.0;
				TARGETED_DEVICE_FAMILY = "1,2";
				TEST_TARGET_NAME = FlixApp;
			};
			name = Release;
		};
/* End XCBuildConfiguration section */

/* Begin XCConfigurationList section */
		89BDA9602358B0900075CC00 /* Build configuration list for PBXProject "FlixApp" */ = {
			isa = XCConfigurationList;
			buildConfigurations = (
				89BDA98D2358B0970075CC00 /* Debug */,
				89BDA98E2358B0970075CC00 /* Release */,
			);
			defaultConfigurationIsVisible = 0;
			defaultConfigurationName = Release;
		};
		89BDA98F2358B0970075CC00 /* Build configuration list for PBXNativeTarget "FlixApp" */ = {
			isa = XCConfigurationList;
			buildConfigurations = (
				89BDA9902358B0970075CC00 /* Debug */,
				89BDA9912358B0970075CC00 /* Release */,
			);
			defaultConfigurationIsVisible = 0;
			defaultConfigurationName = Release;
		};
		89BDA9922358B0970075CC00 /* Build configuration list for PBXNativeTarget "FlixAppTests" */ = {
			isa = XCConfigurationList;
			buildConfigurations = (
				89BDA9932358B0970075CC00 /* Debug */,
				89BDA9942358B0970075CC00 /* Release */,
			);
			defaultConfigurationIsVisible = 0;
			defaultConfigurationName = Release;
		};
		89BDA9952358B0970075CC00 /* Build configuration list for PBXNativeTarget "FlixAppUITests" */ = {
			isa = XCConfigurationList;
			buildConfigurations = (
				89BDA9962358B0970075CC00 /* Debug */,
				89BDA9972358B0970075CC00 /* Release */,
			);
			defaultConfigurationIsVisible = 0;
			defaultConfigurationName = Release;
		};
/* End XCConfigurationList section */
	};
	rootObject = 89BDA95D2358B0900075CC00 /* Project object */;
}
